
Microsoft Visual Studio Solution File, Format Version 12.00
# Visual Studio Version 17
VisualStudioVersion = 17.8.34330.188
MinimumVisualStudioVersion = 10.0.40219.1
Project("{FAE04EC0-301F-11D3-BF4B-00C04F79EFBC}") = "Webapp", "Webapp\Webapp.csproj", "{2794C0F3-5506-473D-80D8-6DBE92AA6DB5}"
EndProject
Global
	GlobalSection(SolutionConfigurationPlatforms) = preSolution
		Debug|Any CPU = Debug|Any CPU
		Release|Any CPU = Release|Any CPU
	EndGlobalSection
	GlobalSection(ProjectConfigurationPlatforms) = postSolution
		{2794C0F3-5506-473D-80D8-6DBE92AA6DB5}.Debug|Any CPU.ActiveCfg = Debug|Any CPU
		{2794C0F3-5506-473D-80D8-6DBE92AA6DB5}.Debug|Any CPU.Build.0 = Debug|Any CPU
		{2794C0F3-5506-473D-80D8-6DBE92AA6DB5}.Release|Any CPU.ActiveCfg = Release|Any CPU
		{2794C0F3-5506-473D-80D8-6DBE92AA6DB5}.Release|Any CPU.Build.0 = Release|Any CPU
	EndGlobalSection
	GlobalSection(SolutionProperties) = preSolution
		HideSolutionNode = FALSE
	EndGlobalSection
	GlobalSection(ExtensibilityGlobals) = postSolution
		SolutionGuid = {C1938D47-2C2E-46D3-AC17-6F70C56C81BB}
	EndGlobalSection
EndGlobal
